
Microsoft Visual Studio Solution File, Format Version 12.00
# Visual Studio Version 17
VisualStudioVersion = 17.1.32319.34
MinimumVisualStudioVersion = 10.0.40219.1
Project("{8BC9CEB8-8B4A-11D0-8D11-00A0C91BC942}") = "College Student Homework Management System", "College Student Homework Management System.vcxproj", "{B64DD70D-CE25-432D-87F7-7EF99173F86B}"
EndProject
Global
	GlobalSection(SolutionConfigurationPlatforms) = preSolution
		Debug|x64 = Debug|x64
		Debug|x86 = Debug|x86
		Release|x64 = Release|x64
		Release|x86 = Release|x86
	EndGlobalSection
	GlobalSection(ProjectConfigurationPlatforms) = postSolution
		{B64DD70D-CE25-432D-87F7-7EF99173F86B}.Debug|x64.ActiveCfg = Debug|x64
		{B64DD70D-CE25-432D-87F7-7EF99173F86B}.Debug|x64.Build.0 = Debug|x64
		{B64DD70D-CE25-432D-87F7-7EF99173F86B}.Debug|x86.ActiveCfg = Debug|Win32
		{B64DD70D-CE25-432D-87F7-7EF99173F86B}.Debug|x86.Build.0 = Debug|Win32
		{B64DD70D-CE25-432D-87F7-7EF99173F86B}.Release|x64.ActiveCfg = Release|x64
		{B64DD70D-CE25-432D-87F7-7EF99173F86B}.Release|x64.Build.0 = Release|x64
		{B64DD70D-CE25-432D-87F7-7EF99173F86B}.Release|x86.ActiveCfg = Release|Win32
		{B64DD70D-CE25-432D-87F7-7EF99173F86B}.Release|x86.Build.0 = Release|Win32
	EndGlobalSection
	GlobalSection(SolutionProperties) = preSolution
		HideSolutionNode = FALSE
	EndGlobalSection
	GlobalSection(ExtensibilityGlobals) = postSolution
		SolutionGuid = {F6A7A468-A4E2-4E3A-A360-FC3AED1AB943}
	EndGlobalSection
EndGlobal
